dependencies:
  espressif/cmake_utilities:
    component_hash: 351350613ceafba240b761b4ea991e0f231ac7a9f59a9ee901f751bddc0bb18f
    dependencies:
    - name: idf
      require: private
      version: '>=4.1'
    source:
      registry_url: https://components.espressif.com/
      type: service
    version: 0.5.3
  espressif/esp_cam_sensor:
    component_hash: f5873378a3a547e46e831736cbbbaf519a80fdd4ac24e5e5bcd00122d587c3d0
    dependencies:
    - name: espressif/cmake_utilities
      registry_url: https://components.espressif.com
      require: private
      version: 0.*
    - name: espressif/esp_sccb_intf
      registry_url: https://components.espressif.com
      require: private
      version: '>=0.0.2'
    - name: idf
      require: private
      version: '>=5.3'
    source:
      registry_url: https://components.espressif.com/
      type: service
    targets:
    - esp32p4
    version: 1.0.0
  espressif/esp_h264:
    component_hash: fa5daaebc8a304f0b79bc57e51aab43e0a03eabc2ba3865bff4063c56b5d4564
    dependencies:
    - name: idf
      require: private
      version: '>=4.4'
    source:
      registry_url: https://components.espressif.com/
      type: service
    version: 1.0.4
  espressif/esp_ipa:
    component_hash: 854ba797f5cd5a49b739e2126287683605ed68f474a3a931b32d56dee2353d59
    dependencies:
    - name: espressif/cmake_utilities
      registry_url: https://components.espressif.com
      require: private
      version: 0.*
    - name: idf
      require: private
      version: '>=5.4'
    source:
      registry_url: https://components.espressif.com/
      type: service
    targets:
    - esp32p4
    version: 0.3.0~1
  espressif/esp_sccb_intf:
    component_hash: c071b189e49f40940722aea01a5489f873385cc39cd5b14012341135b85d1a9d
    dependencies:
    - name: idf
      require: private
      version: '>=5.3'
    source:
      registry_url: https://components.espressif.com
      type: service
    version: 0.0.8
  idf:
    source:
      type: idf
    version: 5.5.4
  lvgl/lvgl:
    component_hash: 184e532558c1c45fefed631f3e235423d22582aafb4630f3e8885c35281a49ae
    dependencies: []
    source:
      registry_url: https://components.espressif.com/
      type: service
    version: 9.5.0
direct_dependencies:
- espressif/cmake_utilities
- espressif/esp_cam_sensor
- espressif/esp_h264
- espressif/esp_ipa
- idf
- lvgl/lvgl
manifest_hash: 2a1ec712dc657b7b198f50d825d2bbc853bab7de8747f902a32c317f587f4a3a
target: esp32p4
version: 2.0.0
